
Microsoft Visual Studio Solution File, Format Version 12.00
# Visual Studio Version 17
VisualStudioVersion = 17.0.31903.59
MinimumVisualStudioVersion = 10.0.40219.1
Project("{FAE04EC0-301F-11D3-BF4B-00C04F79EFBC}") = "Bimload.Core", "Bimload.Core\Bimload.Core.csproj", "{3FF6C5F5-18D8-4DA6-8FEF-706AA4EA5A58}"
EndProject
Project("{FAE04EC0-301F-11D3-BF4B-00C04F79EFBC}") = "Bimload.Gui", "Bimload.Gui\Bimload.Gui.csproj", "{1A691785-626D-4772-B472-7278D3C34610}"
EndProject
Project("{FAE04EC0-301F-11D3-BF4B-00C04F79EFBC}") = "Bimload.Tests", "Bimload.Tests\Bimload.Tests.csproj", "{64189018-6FEB-4411-8C07-1540BF83C133}"
EndProject
Global
	GlobalSection(SolutionConfigurationPlatforms) = preSolution
		Debug|Any CPU = Debug|Any CPU
		Debug|x64 = Debug|x64
		Debug|x86 = Debug|x86
		Release|Any CPU = Release|Any CPU
		Release|x64 = Release|x64
		Release|x86 = Release|x86
	EndGlobalSection
	GlobalSection(ProjectConfigurationPlatforms) = postSolution
		{3FF6C5F5-18D8-4DA6-8FEF-706AA4EA5A58}.Debug|Any CPU.ActiveCfg = Debug|Any CPU
		{3FF6C5F5-18D8-4DA6-8FEF-706AA4EA5A58}.Debug|Any CPU.Build.0 = Debug|Any CPU
		{3FF6C5F5-18D8-4DA6-8FEF-706AA4EA5A58}.Debug|x64.ActiveCfg = Debug|Any CPU
		{3FF6C5F5-18D8-4DA6-8FEF-706AA4EA5A58}.Debug|x64.Build.0 = Debug|Any CPU
		{3FF6C5F5-18D8-4DA6-8FEF-706AA4EA5A58}.Debug|x86.ActiveCfg = Debug|Any CPU
		{3FF6C5F5-18D8-4DA6-8FEF-706AA4EA5A58}.Debug|x86.Build.0 = Debug|Any CPU
		{3FF6C5F5-18D8-4DA6-8FEF-706AA4EA5A58}.Release|Any CPU.ActiveCfg = Release|Any CPU
		{3FF6C5F5-18D8-4DA6-8FEF-706AA4EA5A58}.Release|Any CPU.Build.0 = Release|Any CPU
		{3FF6C5F5-18D8-4DA6-8FEF-706AA4EA5A58}.Release|x64.ActiveCfg = Release|Any CPU
		{3FF6C5F5-18D8-4DA6-8FEF-706AA4EA5A58}.Release|x64.Build.0 = Release|Any CPU
		{3FF6C5F5-18D8-4DA6-8FEF-706AA4EA5A58}.Release|x86.ActiveCfg = Release|Any CPU
		{3FF6C5F5-18D8-4DA6-8FEF-706AA4EA5A58}.Release|x86.Build.0 = Release|Any CPU
		{1A691785-626D-4772-B472-7278D3C34610}.Debug|Any CPU.ActiveCfg = Debug|Any CPU
		{1A691785-626D-4772-B472-7278D3C34610}.Debug|Any CPU.Build.0 = Debug|Any CPU
		{1A691785-626D-4772-B472-7278D3C34610}.Debug|x64.ActiveCfg = Debug|Any CPU
		{1A691785-626D-4772-B472-7278D3C34610}.Debug|x64.Build.0 = Debug|Any CPU
		{1A691785-626D-4772-B472-7278D3C34610}.Debug|x86.ActiveCfg = Debug|Any CPU
		{1A691785-626D-4772-B472-7278D3C34610}.Debug|x86.Build.0 = Debug|Any CPU
		{1A691785-626D-4772-B472-7278D3C34610}.Release|Any CPU.ActiveCfg = Release|Any CPU
		{1A691785-626D-4772-B472-7278D3C34610}.Release|Any CPU.Build.0 = Release|Any CPU
		{1A691785-626D-4772-B472-7278D3C34610}.Release|x64.ActiveCfg = Release|Any CPU
		{1A691785-626D-4772-B472-7278D3C34610}.Release|x64.Build.0 = Release|Any CPU
		{1A691785-626D-4772-B472-7278D3C34610}.Release|x86.ActiveCfg = Release|Any CPU
		{1A691785-626D-4772-B472-7278D3C34610}.Release|x86.Build.0 = Release|Any CPU
		{64189018-6FEB-4411-8C07-1540BF83C133}.Debug|Any CPU.ActiveCfg = Debug|Any CPU
		{64189018-6FEB-4411-8C07-1540BF83C133}.Debug|Any CPU.Build.0 = Debug|Any CPU
		{64189018-6FEB-4411-8C07-1540BF83C133}.Debug|x64.ActiveCfg = Debug|Any CPU
		{64189018-6FEB-4411-8C07-1540BF83C133}.Debug|x64.Build.0 = Debug|Any CPU
		{64189018-6FEB-4411-8C07-1540BF83C133}.Debug|x86.ActiveCfg = Debug|Any CPU
		{64189018-6FEB-4411-8C07-1540BF83C133}.Debug|x86.Build.0 = Debug|Any CPU
		{64189018-6FEB-4411-8C07-1540BF83C133}.Release|Any CPU.ActiveCfg = Release|Any CPU
		{64189018-6FEB-4411-8C07-1540BF83C133}.Release|Any CPU.Build.0 = Release|Any CPU
		{64189018-6FEB-4411-8C07-1540BF83C133}.Release|x64.ActiveCfg = Release|Any CPU
		{64189018-6FEB-4411-8C07-1540BF83C133}.Release|x64.Build.0 = Release|Any CPU
		{64189018-6FEB-4411-8C07-1540BF83C133}.Release|x86.ActiveCfg = Release|Any CPU
		{64189018-6FEB-4411-8C07-1540BF83C133}.Release|x86.Build.0 = Release|Any CPU
	EndGlobalSection
	GlobalSection(SolutionProperties) = preSolution
		HideSolutionNode = FALSE
	EndGlobalSection
EndGlobal
